
Microsoft Visual Studio Solution File, Format Version 12.00
# Visual Studio Version 17
VisualStudioVersion = 17.3.32819.101
MinimumVisualStudioVersion = 10.0.40219.1
Project("{FAE04EC0-301F-11D3-BF4B-00C04F79EFBC}") = "ExcelToAutoCAD", "ExcelToAutoCAD\ExcelToAutoCAD.csproj", "{43359D46-25ED-44FC-B516-C4007BA506BD}"
EndProject
Global
	GlobalSection(SolutionConfigurationPlatforms) = preSolution
		Debug|Any CPU = Debug|Any CPU
		Debug|ARM64 = Debug|ARM64
		Release|Any CPU = Release|Any CPU
		Release|ARM64 = Release|ARM64
	EndGlobalSection
	GlobalSection(ProjectConfigurationPlatforms) = postSolution
		{43359D46-25ED-44FC-B516-C4007BA506BD}.Debug|Any CPU.ActiveCfg = Debug|Any CPU
		{43359D46-25ED-44FC-B516-C4007BA506BD}.Debug|Any CPU.Build.0 = Debug|Any CPU
		{43359D46-25ED-44FC-B516-C4007BA506BD}.Debug|ARM64.ActiveCfg = Debug|Any CPU
		{43359D46-25ED-44FC-B516-C4007BA506BD}.Debug|ARM64.Build.0 = Debug|Any CPU
		{43359D46-25ED-44FC-B516-C4007BA506BD}.Release|Any CPU.ActiveCfg = Release|Any CPU
		{43359D46-25ED-44FC-B516-C4007BA506BD}.Release|Any CPU.Build.0 = Release|Any CPU
		{43359D46-25ED-44FC-B516-C4007BA506BD}.Release|ARM64.ActiveCfg = Release|ARM64
		{43359D46-25ED-44FC-B516-C4007BA506BD}.Release|ARM64.Build.0 = Release|ARM64
	EndGlobalSection
	GlobalSection(SolutionProperties) = preSolution
		HideSolutionNode = FALSE
	EndGlobalSection
	GlobalSection(ExtensibilityGlobals) = postSolution
		SolutionGuid = {1710C8A3-BDF6-4292-A0B5-386E73474FDA}
	EndGlobalSection
EndGlobal
